
Microsoft Visual Studio Solution File, Format Version 12.00
# Visual Studio Version 16
VisualStudioVersion = 16.0.29519.87
MinimumVisualStudioVersion = 10.0.40219.1
Project("{9A19103F-16F7-4668-BE54-9A1E7A4F7556}") = "SideKickREST", "SideKickREST\SideKickREST.csproj", "{2459DFCE-CE7C-4027-BA80-80F0B041FD75}"
EndProject
Project("{9A19103F-16F7-4668-BE54-9A1E7A4F7556}") = "SideKickDLL", "SideKickDLL\SideKickDLL.csproj", "{813D9AD7-CD28-4915-B8E7-EBC237D78415}"
EndProject
Project("{9A19103F-16F7-4668-BE54-9A1E7A4F7556}") = "SideKickMVC", "SideKickMVC\SideKickMVC.csproj", "{7A644589-E746-49CF-96ED-07F037E46143}"
EndProject
Project("{FAE04EC0-301F-11D3-BF4B-00C04F79EFBC}") = "FileHandler", "FileHandler\FileHandler.csproj", "{774F1403-1E69-4718-80C2-06FA69E1790A}"
EndProject
Global
	GlobalSection(SolutionConfigurationPlatforms) = preSolution
		Debug|Any CPU = Debug|Any CPU
		Release|Any CPU = Release|Any CPU
	EndGlobalSection
	GlobalSection(ProjectConfigurationPlatforms) = postSolution
		{2459DFCE-CE7C-4027-BA80-80F0B041FD75}.Debug|Any CPU.ActiveCfg = Debug|Any CPU
		{2459DFCE-CE7C-4027-BA80-80F0B041FD75}.Debug|Any CPU.Build.0 = Debug|Any CPU
		{2459DFCE-CE7C-4027-BA80-80F0B041FD75}.Release|Any CPU.ActiveCfg = Release|Any CPU
		{2459DFCE-CE7C-4027-BA80-80F0B041FD75}.Release|Any CPU.Build.0 = Release|Any CPU
		{813D9AD7-CD28-4915-B8E7-EBC237D78415}.Debug|Any CPU.ActiveCfg = Debug|Any CPU
		{813D9AD7-CD28-4915-B8E7-EBC237D78415}.Debug|Any CPU.Build.0 = Debug|Any CPU
		{813D9AD7-CD28-4915-B8E7-EBC237D78415}.Release|Any CPU.ActiveCfg = Release|Any CPU
		{813D9AD7-CD28-4915-B8E7-EBC237D78415}.Release|Any CPU.Build.0 = Release|Any CPU
		{7A644589-E746-49CF-96ED-07F037E46143}.Debug|Any CPU.ActiveCfg = Debug|Any CPU
		{7A644589-E746-49CF-96ED-07F037E46143}.Debug|Any CPU.Build.0 = Debug|Any CPU
		{7A644589-E746-49CF-96ED-07F037E46143}.Release|Any CPU.ActiveCfg = Release|Any CPU
		{7A644589-E746-49CF-96ED-07F037E46143}.Release|Any CPU.Build.0 = Release|Any CPU
		{774F1403-1E69-4718-80C2-06FA69E1790A}.Debug|Any CPU.ActiveCfg = Debug|Any CPU
		{774F1403-1E69-4718-80C2-06FA69E1790A}.Debug|Any CPU.Build.0 = Debug|Any CPU
		{774F1403-1E69-4718-80C2-06FA69E1790A}.Release|Any CPU.ActiveCfg = Release|Any CPU
		{774F1403-1E69-4718-80C2-06FA69E1790A}.Release|Any CPU.Build.0 = Release|Any CPU
	EndGlobalSection
	GlobalSection(SolutionProperties) = preSolution
		HideSolutionNode = FALSE
	EndGlobalSection
	GlobalSection(ExtensibilityGlobals) = postSolution
		SolutionGuid = {ECBAD9FB-1CA4-4033-BB4B-0C3E670A9AFF}
	EndGlobalSection
EndGlobal
